{
    "_readme": [
        "This file locks the dependencies of your project to a known state",
        "Read more about it at https://getcomposer.org/doc/01-basic-usage.md#installing-dependencies",
        "This file is @generated automatically"
    ],
    "content-hash": "661c10d8c5df0ec8ebeae26871357a5e",
    "packages": [],
    "packages-dev": [
        {
            "name": "phalcon/ide-stubs",
            "version": "v4.1.0",
            "source": {
                "type": "git",
                "url": "https://github.com/phalcon/ide-stubs.git",
                "reference": "77384e4f42542f11b065b2a860b9bca2ea20ad5a"
            },
            "dist": {
                "type": "zip",
                "url": "https://api.github.com/repos/phalcon/ide-stubs/zipball/77384e4f42542f11b065b2a860b9bca2ea20ad5a",
                "reference": "77384e4f42542f11b065b2a860b9bca2ea20ad5a",
                "shasum": ""
            },
            "require": {
                "php": ">=7.2.0"
            },
            "require-dev": {
                "squizlabs/php_codesniffer": "3.*",
                "vimeo/psalm": "^3.4"
            },
            "type": "library",
            "notification-url": "https://packagist.org/downloads/",
            "license": [
                "BSD-3-Clause"
            ],
            "authors": [
                {
                    "name": "Phalcon Team",
                    "email": "team@phalcon.io",
                    "homepage": "https://phalcon.io/en-us/team"
                },
                {
                    "name": "Contributors",
                    "homepage": "https://github.com/phalcon/ide-stubs/graphs/contributors"
                }
            ],
            "description": "The most complete Phalcon Framework IDE stubs library which enables autocompletion in modern IDEs.",
            "homepage": "https://phalcon.io",
            "keywords": [
                "Devtools",
                "Eclipse",
                "autocomplete",
                "ide",
                "netbeans",
                "phalcon",
                "phpstorm",
                "stub",
                "stubs"
            ],
            "support": {
                "forum": "https://forum.phalcon.io/",
                "issues": "https://github.com/phalcon/ide-stubs/issues",
                "source": "https://github.com/phalcon/ide-stubs"
            },
            "funding": [
                {
                    "url": "https://github.com/phalcon",
                    "type": "github"
                },
                {
                    "url": "https://opencollective.com/phalcon",
                    "type": "open_collective"
                }
            ],
            "time": "2020-11-13T10:58:11+00:00"
        }
    ],
    "aliases": [],
    "minimum-stability": "dev",
    "stability-flags": [],
    "prefer-stable": true,
    "prefer-lowest": false,
    "platform": {
        "php": ">=7.4",
        "ext-phalcon": "5.0.0beta2"
    },
    "platform-dev": [],
    "platform-overrides": {
        "php": "7.4"
    },
    "plugin-api-version": "2.0.0"
}
